// !$*UTF8*$!
{
	archiveVersion = 1;
	classes = {
	};
	objectVersion = 50;
	objects = {

/* Begin PBXBuildFile section */
		85BB260420DEA25A0028A65C /* AppDelegate.swift in Sources */ = {isa = PBXBuildFile; fileRef = 85BB260320DEA25A0028A65C /* AppDelegate.swift */; };
		85BB260620DEA25A0028A65C /* ViewController.swift in Sources */ = {isa = PBXBuildFile; fileRef = 85BB260520DEA25A0028A65C /* ViewController.swift */; };
		85BB260920DEA25A0028A65C /* Main.storyboard in Resources */ = {isa = PBXBuildFile; fileRef = 85BB260720DEA25A0028A65C /* Main.storyboard */; };
		85BB260B20DEA25B0028A65C /* Assets.xcassets in Resources */ = {isa = PBXBuildFile; fileRef = 85BB260A20DEA25B0028A65C /* Assets.xcassets */; };
		85BB260E20DEA25B0028A65C /* LaunchScreen.storyboard in Resources */ = {isa = PBXBuildFile; fileRef = 85BB260C20DEA25B0028A65C /* LaunchScreen.storyboard */; };
		85BB261620DEA2770028A65C /* ViewController2.swift in Sources */ = {isa = PBXBuildFile; fileRef = 85BB261520DEA2770028A65C /* ViewController2.swift */; };
		85BB261820DEA4750028A65C /* images.jpeg in Resources */ = {isa = PBXBuildFile; fileRef = 85BB261720DEA4750028A65C /* images.jpeg */; };
		85BB261C20E0BC150028A65C /* Unknown.jpeg in Resources */ = {isa = PBXBuildFile; fileRef = 85BB261B20E0BC150028A65C /* Unknown.jpeg */; };
		85BB261E20E0BC1C0028A65C /* Unknown-1.jpeg in Resources */ = {isa = PBXBuildFile; fileRef = 85BB261D20E0BC1C0028A65C /* Unknown-1.jpeg */; };
		85BB262020E0BC220028A65C /* Unknown-2.jpeg in Resources */ = {isa = PBXBuildFile; fileRef = 85BB261F20E0BC220028A65C /* Unknown-2.jpeg */; };
/* End PBXBuildFile section */

/* Begin PBXFileReference section */
		85BB260020DEA25A0028A65C /* SlideshowApp.app */ = {isa = PBXFileReference; explicitFileType = wrapper.application; includeInIndex = 0; path = SlideshowApp.app; sourceTree = BUILT_PRODUCTS_DIR; };
		85BB260320DEA25A0028A65C /* AppDelegate.swift */ = {isa = PBXFileReference; lastKnownFileType = sourcecode.swift; path = AppDelegate.swift; sourceTree = "<group>"; };
		85BB260520DEA25A0028A65C /* ViewController.swift */ = {isa = PBXFileReference; lastKnownFileType = sourcecode.swift; path = ViewController.swift; sourceTree = "<group>"; };
		85BB260820DEA25A0028A65C /* Base */ = {isa = PBXFileReference; lastKnownFileType = file.storyboard; name = Base; path = Base.lproj/Main.storyboard; sourceTree = "<group>"; };
		85BB260A20DEA25B0028A65C /* Assets.xcassets */ = {isa = PBXFileReference; lastKnownFileType = folder.assetcatalog; path = Assets.xcassets; sourceTree = "<group>"; };
		85BB260D20DEA25B0028A65C /* Base */ = {isa = PBXFileReference; lastKnownFileType = file.storyboard; name = Base; path = Base.lproj/LaunchScreen.storyboard; sourceTree = "<group>"; };
		85BB260F20DEA25B0028A65C /* Info.plist */ = {isa = PBXFileReference; lastKnownFileType = text.plist.xml; path = Info.plist; sourceTree = "<group>"; };
		85BB261520DEA2770028A65C /* ViewController2.swift */ = {isa = PBXFileReference; lastKnownFileType = sourcecode.swift; path = ViewController2.swift; sourceTree = "<group>"; };
		85BB261720DEA4750028A65C /* images.jpeg */ = {isa = PBXFileReference; lastKnownFileType = image.jpeg; path = images.jpeg; sourceTree = "<group>"; };
		85BB261B20E0BC150028A65C /* Unknown.jpeg */ = {isa = PBXFileReference; lastKnownFileType = image.jpeg; path = Unknown.jpeg; sourceTree = "<group>"; };
		85BB261D20E0BC1C0028A65C /* Unknown-1.jpeg */ = {isa = PBXFileReference; lastKnownFileType = image.jpeg; path = "Unknown-1.jpeg"; sourceTree = "<group>"; };
		85BB261F20E0BC220028A65C /* Unknown-2.jpeg */ = {isa = PBXFileReference; lastKnownFileType = image.jpeg; path = "Unknown-2.jpeg"; sourceTree = "<group>"; };
/* End PBXFileReference section */

/* Begin PBXFrameworksBuildPhase section */
		85BB25FD20DEA25A0028A65C /* Frameworks */ = {
			isa = PBXFrameworksBuildPhase;
			buildActionMask = 2147483647;
			files = (
			);
			runOnlyForDeploymentPostprocessing = 0;
		};
/* End PBXFrameworksBuildPhase section */

/* Begin PBXGroup section */
		85BB25F720DEA25A0028A65C = {
			isa = PBXGroup;
			children = (
				85BB260220DEA25A0028A65C /* SlideshowApp */,
				85BB260120DEA25A0028A65C /* Products */,
			);
			sourceTree = "<group>";
		};
		85BB260120DEA25A0028A65C /* Products */ = {
			isa = PBXGroup;
			children = (
				85BB260020DEA25A0028A65C /* SlideshowApp.app */,
			);
			name = Products;
			sourceTree = "<group>";
		};
		85BB260220DEA25A0028A65C /* SlideshowApp */ = {
			isa = PBXGroup;
			children = (
				85BB260320DEA25A0028A65C /* AppDelegate.swift */,
				85BB260520DEA25A0028A65C /* ViewController.swift */,
				85BB260720DEA25A0028A65C /* Main.storyboard */,
				85BB261720DEA4750028A65C /* images.jpeg */,
				85BB261B20E0BC150028A65C /* Unknown.jpeg */,
				85BB261D20E0BC1C0028A65C /* Unknown-1.jpeg */,
				85BB261F20E0BC220028A65C /* Unknown-2.jpeg */,
				85BB260A20DEA25B0028A65C /* Assets.xcassets */,
				85BB260C20DEA25B0028A65C /* LaunchScreen.storyboard */,
				85BB260F20DEA25B0028A65C /* Info.plist */,
				85BB261520DEA2770028A65C /* ViewController2.swift */,
			);
			path = SlideshowApp;
			sourceTree = "<group>";
		};
/* End PBXGroup section */

/* Begin PBXNativeTarget section */
		85BB25FF20DEA25A0028A65C /* SlideshowApp */ = {
			isa = PBXNativeTarget;
			buildConfigurationList = 85BB261220DEA25B0028A65C /* Build configuration list for PBXNativeTarget "SlideshowApp" */;
			buildPhases = (
				85BB25FC20DEA25A0028A65C /* Sources */,
				85BB25FD20DEA25A0028A65C /* Frameworks */,
				85BB25FE20DEA25A0028A65C /* Resources */,
			);
			buildRules = (
			);
			dependencies = (
			);
			name = SlideshowApp;
			productName = SlideshowApp;
			productReference = 85BB260020DEA25A0028A65C /* SlideshowApp.app */;
			productType = "com.apple.product-type.application";
		};
/* End PBXNativeTarget section */

/* Begin PBXProject section */
		85BB25F820DEA25A0028A65C /* Project object */ = {
			isa = PBXProject;
			attributes = {
				LastSwiftUpdateCheck = 0930;
				LastUpgradeCheck = 0930;
				ORGANIZATIONNAME = "ICHIRO KAWATA";
				TargetAttributes = {
					85BB25FF20DEA25A0028A65C = {
						CreatedOnToolsVersion = 9.3.1;
					};
				};
			};
			buildConfigurationList = 85BB25FB20DEA25A0028A65C /* Build configuration list for PBXProject "SlideshowApp" */;
			compatibilityVersion = "Xcode 9.3";
			developmentRegion = en;
			hasScannedForEncodings = 0;
			knownRegions = (
				en,
				Base,
			);
			mainGroup = 85BB25F720DEA25A0028A65C;
			productRefGroup = 85BB260120DEA25A0028A65C /* Products */;
			projectDirPath = "";
			projectRoot = "";
			targets = (
				85BB25FF20DEA25A0028A65C /* SlideshowApp */,
			);
		};
/* End PBXProject section */

/* Begin PBXResourcesBuildPhase section */
		85BB25FE20DEA25A0028A65C /* Resources */ = {
			isa = PBXResourcesBuildPhase;
			buildActionMask = 2147483647;
			files = (
				85BB261E20E0BC1C0028A65C /* Unknown-1.jpeg in Resources */,
				85BB262020E0BC220028A65C /* Unknown-2.jpeg in Resources */,
				85BB260E20DEA25B0028A65C /* LaunchScreen.storyboard in Resources */,
				85BB261C20E0BC150028A65C /* Unknown.jpeg in Resources */,
				85BB261820DEA4750028A65C /* images.jpeg in Resources */,
				85BB260B20DEA25B0028A65C /* Assets.xcassets in Resources */,
				85BB260920DEA25A0028A65C /* Main.storyboard in Resources */,
			);
			runOnlyForDeploymentPostprocessing = 0;
		};
/* End PBXResourcesBuildPhase section */

/* Begin PBXSourcesBuildPhase section */
		85BB25FC20DEA25A0028A65C /* Sources */ = {
			isa = PBXSourcesBuildPhase;
			buildActionMask = 2147483647;
			files = (
				85BB260620DEA25A0028A65C /* ViewController.swift in Sources */,
				85BB260420DEA25A0028A65C /* AppDelegate.swift in Sources */,
				85BB261620DEA2770028A65C /* ViewController2.swift in Sources */,
			);
			runOnlyForDeploymentPostprocessing = 0;
		};
/* End PBXSourcesBuildPhase section */

/* Begin PBXVariantGroup section */
		85BB260720DEA25A0028A65C /* Main.storyboard */ = {
			isa = PBXVariantGroup;
			children = (
				85BB260820DEA25A0028A65C /* Base */,
			);
			name = Main.storyboard;
			sourceTree = "<group>";
		};
		85BB260C20DEA25B0028A65C /* LaunchScreen.storyboard */ = {
			isa = PBXVariantGroup;
			children = (
				85BB260D20DEA25B0028A65C /* Base */,
			);
			name = LaunchScreen.storyboard;
			sourceTree = "<group>";
		};
/* End PBXVariantGroup section */

/* Begin XCBuildConfiguration section */
		85BB261020DEA25B0028A65C /* Debug */ = {
			isa = XCBuildConfiguration;
			buildSettings = {
				ALWAYS_SEARCH_USER_PATHS = NO;
				CLANG_ANALYZER_NONNULL = YES;
				CLANG_ANALYZER_NUMBER_OBJECT_CONVERSION = YES_AGGRESSIVE;
				CLANG_CXX_LANGUAGE_STANDARD = "gnu++14";
				CLANG_CXX_LIBRARY = "libc++";
				CLANG_ENABLE_MODULES = YES;
				CLANG_ENABLE_OBJC_ARC = YES;
				CLANG_ENABLE_OBJC_WEAK = YES;
				CLANG_WARN_BLOCK_CAPTURE_AUTORELEASING = YES;
				CLANG_WARN_BOOL_CONVERSION = YES;
				CLANG_WARN_COMMA = YES;
				CLANG_WARN_CONSTANT_CONVERSION = YES;
				CLANG_WARN_DEPRECATED_OBJC_IMPLEMENTATIONS = YES;
				CLANG_WARN_DIRECT_OBJC_ISA_USAGE = YES_ERROR;
				CLANG_WARN_DOCUMENTATION_COMMENTS = YES;
				CLANG_WARN_EMPTY_BODY = YES;
				CLANG_WARN_ENUM_CONVERSION = YES;
				CLANG_WARN_INFINITE_RECURSION = YES;
				CLANG_WARN_INT_CONVERSION = YES;
				CLANG_WARN_NON_LITERAL_NULL_CONVERSION = YES;
				CLANG_WARN_OBJC_IMPLICIT_RETAIN_SELF = YES;
				CLANG_WARN_OBJC_LITERAL_CONVERSION = YES;
				CLANG_WARN_OBJC_ROOT_CLASS = YES_ERROR;
				CLANG_WARN_RANGE_LOOP_ANALYSIS = YES;
				CLANG_WARN_STRICT_PROTOTYPES = YES;
				CLANG_WARN_SUSPICIOUS_MOVE = YES;
				CLANG_WARN_UNGUARDED_AVAILABILITY = YES_AGGRESSIVE;
				CLANG_WARN_UNREACHABLE_CODE = YES;
				CLANG_WARN__DUPLICATE_METHOD_MATCH = YES;
				CODE_SIGN_IDENTITY = "iPhone Developer";
				COPY_PHASE_STRIP = NO;
				DEBUG_INFORMATION_FORMAT = dwarf;
				ENABLE_STRICT_OBJC_MSGSEND = YES;
				ENABLE_TESTABILITY = YES;
				GCC_C_LANGUAGE_STANDARD = gnu11;
				GCC_DYNAMIC_NO_PIC = NO;
				GCC_NO_COMMON_BLOCKS = YES;
				GCC_OPTIMIZATION_LEVEL = 0;
				GCC_PREPROCESSOR_DEFINITIONS = (
					"DEBUG=1",
					"$(inherited)",
				);
				GCC_WARN_64_TO_32_BIT_CONVERSION = YES;
				GCC_WARN_ABOUT_RETURN_TYPE = YES_ERROR;
				GCC_WARN_UNDECLARED_SELECTOR = YES;
				GCC_WARN_UNINITIALIZED_AUTOS = YES_AGGRESSIVE;
				GCC_WARN_UNUSED_FUNCTION = YES;
				GCC_WARN_UNUSED_VARIABLE = YES;
				IPHONEOS_DEPLOYMENT_TARGET = 11.3;
				MTL_ENABLE_DEBUG_INFO = YES;
				ONLY_ACTIVE_ARCH = YES;
				SDKROOT = iphoneos;
				SWIFT_ACTIVE_COMPILATION_CONDITIONS = DEBUG;
				SWIFT_OPTIMIZATION_LEVEL = "-Onone";
			};
			name = Debug;
		};
		85BB261120DEA25B0028A65C /* Release */ = {
			isa = XCBuildConfiguration;
			buildSettings = {
				ALWAYS_SEARCH_USER_PATHS = NO;
				CLANG_ANALYZER_NONNULL = YES;
				CLANG_ANALYZER_NUMBER_OBJECT_CONVERSION = YES_AGGRESSIVE;
				CLANG_CXX_LANGUAGE_STANDARD = "gnu++14";
				CLANG_CXX_LIBRARY = "libc++";
				CLANG_ENABLE_MODULES = YES;
				CLANG_ENABLE_OBJC_ARC = YES;
				CLANG_ENABLE_OBJC_WEAK = YES;
				CLANG_WARN_BLOCK_CAPTURE_AUTORELEASING = YES;
				CLANG_WARN_BOOL_CONVERSION = YES;
				CLANG_WARN_COMMA = YES;
				CLANG_WARN_CONSTANT_CONVERSION = YES;
				CLANG_WARN_DEPRECATED_OBJC_IMPLEMENTATIONS = YES;
				CLANG_WARN_DIRECT_OBJC_ISA_USAGE = YES_ERROR;
				CLANG_WARN_DOCUMENTATION_COMMENTS = YES;
				CLANG_WARN_EMPTY_BODY = YES;
				CLANG_WARN_ENUM_CONVERSION = YES;
				CLANG_WARN_INFINITE_RECURSION = YES;
				CLANG_WARN_INT_CONVERSION = YES;
				CLANG_WARN_NON_LITERAL_NULL_CONVERSION = YES;
				CLANG_WARN_OBJC_IMPLICIT_RETAIN_SELF = YES;
				CLANG_WARN_OBJC_LITERAL_CONVERSION = YES;
				CLANG_WARN_OBJC_ROOT_CLASS = YES_ERROR;
				CLANG_WARN_RANGE_LOOP_ANALYSIS = YES;
				CLANG_WARN_STRICT_PROTOTYPES = YES;
				CLANG_WARN_SUSPICIOUS_MOVE = YES;
				CLANG_WARN_UNGUARDED_AVAILABILITY = YES_AGGRESSIVE;
				CLANG_WARN_UNREACHABLE_CODE = YES;
				CLANG_WARN__DUPLICATE_METHOD_MATCH = YES;
				CODE_SIGN_IDENTITY = "iPhone Developer";
				COPY_PHASE_STRIP = NO;
				DEBUG_INFORMATION_FORMAT = "dwarf-with-dsym";
				ENABLE_NS_ASSERTIONS = NO;
				ENABLE_STRICT_OBJC_MSGSEND = YES;
				GCC_C_LANGUAGE_STANDARD = gnu11;
				GCC_NO_COMMON_BLOCKS = YES;
				GCC_WARN_64_TO_32_BIT_CONVERSION = YES;
				GCC_WARN_ABOUT_RETURN_TYPE = YES_ERROR;
				GCC_WARN_UNDECLARED_SELECTOR = YES;
				GCC_WARN_UNINITIALIZED_AUTOS = YES_AGGRESSIVE;
				GCC_WARN_UNUSED_FUNCTION = YES;
				GCC_WARN_UNUSED_VARIABLE = YES;
				IPHONEOS_DEPLOYMENT_TARGET = 11.3;
				MTL_ENABLE_DEBUG_INFO = NO;
				SDKROOT = iphoneos;
				SWIFT_COMPILATION_MODE = wholemodule;
				SWIFT_OPTIMIZATION_LEVEL = "-O";
				VALIDATE_PRODUCT = YES;
			};
			name = Release;
		};
		85BB261320DEA25B0028A65C /* Debug */ = {
			isa = XCBuildConfiguration;
			buildSettings = {
				ASSETCATALOG_COMPILER_APPICON_NAME = AppIcon;
				CODE_SIGN_STYLE = Automatic;
				DEVELOPMENT_TEAM = 32LP7B2W9Q;
				INFOPLIST_FILE = SlideshowApp/Info.plist;
				LD_RUNPATH_SEARCH_PATHS = (
					"$(inherited)",
					"@executable_path/Frameworks",
				);
				PRODUCT_BUNDLE_IDENTIFIER = jp.techacademy.ichiro.kawata.SlideshowApp;
				PRODUCT_NAME = "$(TARGET_NAME)";
				SWIFT_VERSION = 4.0;
				TARGETED_DEVICE_FAMILY = "1,2";
			};
			name = Debug;
		};
		85BB261420DEA25B0028A65C /* Release */ = {
			isa = XCBuildConfiguration;
			buildSettings = {
				ASSETCATALOG_COMPILER_APPICON_NAME = AppIcon;
				CODE_SIGN_STYLE = Automatic;
				DEVELOPMENT_TEAM = 32LP7B2W9Q;
				INFOPLIST_FILE = SlideshowApp/Info.plist;
				LD_RUNPATH_SEARCH_PATHS = (
					"$(inherited)",
					"@executable_path/Frameworks",
				);
				PRODUCT_BUNDLE_IDENTIFIER = jp.techacademy.ichiro.kawata.SlideshowApp;
				PRODUCT_NAME = "$(TARGET_NAME)";
				SWIFT_VERSION = 4.0;
				TARGETED_DEVICE_FAMILY = "1,2";
			};
			name = Release;
		};
/* End XCBuildConfiguration section */

/* Begin XCConfigurationList section */
		85BB25FB20DEA25A0028A65C /* Build configuration list for PBXProject "SlideshowApp" */ = {
			isa = XCConfigurationList;
			buildConfigurations = (
				85BB261020DEA25B0028A65C /* Debug */,
				85BB261120DEA25B0028A65C /* Release */,
			);
			defaultConfigurationIsVisible = 0;
			defaultConfigurationName = Release;
		};
		85BB261220DEA25B0028A65C /* Build configuration list for PBXNativeTarget "SlideshowApp" */ = {
			isa = XCConfigurationList;
			buildConfigurations = (
				85BB261320DEA25B0028A65C /* Debug */,
				85BB261420DEA25B0028A65C /* Release */,
			);
			defaultConfigurationIsVisible = 0;
			defaultConfigurationName = Release;
		};
/* End XCConfigurationList section */
	};
	rootObject = 85BB25F820DEA25A0028A65C /* Project object */;
}
